
Microsoft Visual Studio Solution File, Format Version 12.00
# Visual Studio Version 17
VisualStudioVersion = 17.2.32630.192
MinimumVisualStudioVersion = 10.0.40219.1
Project("{FAE04EC0-301F-11D3-BF4B-00C04F79EFBC}") = "CoreEscuela", "CoreEscuela\CoreEscuela.csproj", "{61E842A9-0278-455C-A0C0-D6D84A1434FB}"
EndProject
Global
	GlobalSection(SolutionConfigurationPlatforms) = preSolution
		Debug|Any CPU = Debug|Any CPU
		Release|Any CPU = Release|Any CPU
	EndGlobalSection
	GlobalSection(ProjectConfigurationPlatforms) = postSolution
		{61E842A9-0278-455C-A0C0-D6D84A1434FB}.Debug|Any CPU.ActiveCfg = Debug|Any CPU
		{61E842A9-0278-455C-A0C0-D6D84A1434FB}.Debug|Any CPU.Build.0 = Debug|Any CPU
		{61E842A9-0278-455C-A0C0-D6D84A1434FB}.Release|Any CPU.ActiveCfg = Release|Any CPU
		{61E842A9-0278-455C-A0C0-D6D84A1434FB}.Release|Any CPU.Build.0 = Release|Any CPU
	EndGlobalSection
	GlobalSection(SolutionProperties) = preSolution
		HideSolutionNode = FALSE
	EndGlobalSection
	GlobalSection(ExtensibilityGlobals) = postSolution
		SolutionGuid = {41154FA6-1DB8-4FEF-A74F-4D806797783B}
	EndGlobalSection
EndGlobal
